
Microsoft Visual Studio Solution File, Format Version 12.00
# Visual Studio 15
VisualStudioVersion = 15.0.27703.2042
MinimumVisualStudioVersion = 10.0.40219.1
Project("{FAE04EC0-301F-11D3-BF4B-00C04F79EFBC}") = "DevLauncher.UI", "DevLauncher.UI\DevLauncher.UI.csproj", "{06A91D5C-C0F7-41CD-A5D8-30EAC9DC02E2}"
EndProject
Project("{FAE04EC0-301F-11D3-BF4B-00C04F79EFBC}") = "DevLauncher", "DevLauncher\DevLauncher.csproj", "{6F23F06B-4648-4EEE-A19D-0F6DE149A210}"
EndProject
Project("{FAE04EC0-301F-11D3-BF4B-00C04F79EFBC}") = "DevLauncher.Tests", "DevLauncher.Tests\DevLauncher.Tests.csproj", "{268F86D0-64A8-40C5-87BC-5CAE40680F1C}"
EndProject
Project("{FAE04EC0-301F-11D3-BF4B-00C04F79EFBC}") = "DevLauncher.Tests.MockConsole", "DevLauncher.Tests.Mocks\DevLauncher.Tests.MockConsole.csproj", "{29A778F0-BD7C-4951-81C2-A110006D5E11}"
EndProject
Global
	GlobalSection(SolutionConfigurationPlatforms) = preSolution
		Debug|Any CPU = Debug|Any CPU
		Release|Any CPU = Release|Any CPU
	EndGlobalSection
	GlobalSection(ProjectConfigurationPlatforms) = postSolution
		{06A91D5C-C0F7-41CD-A5D8-30EAC9DC02E2}.Debug|Any CPU.ActiveCfg = Debug|Any CPU
		{06A91D5C-C0F7-41CD-A5D8-30EAC9DC02E2}.Debug|Any CPU.Build.0 = Debug|Any CPU
		{06A91D5C-C0F7-41CD-A5D8-30EAC9DC02E2}.Release|Any CPU.ActiveCfg = Release|Any CPU
		{06A91D5C-C0F7-41CD-A5D8-30EAC9DC02E2}.Release|Any CPU.Build.0 = Release|Any CPU
		{6F23F06B-4648-4EEE-A19D-0F6DE149A210}.Debug|Any CPU.ActiveCfg = Debug|Any CPU
		{6F23F06B-4648-4EEE-A19D-0F6DE149A210}.Debug|Any CPU.Build.0 = Debug|Any CPU
		{6F23F06B-4648-4EEE-A19D-0F6DE149A210}.Release|Any CPU.ActiveCfg = Release|Any CPU
		{6F23F06B-4648-4EEE-A19D-0F6DE149A210}.Release|Any CPU.Build.0 = Release|Any CPU
		{268F86D0-64A8-40C5-87BC-5CAE40680F1C}.Debug|Any CPU.ActiveCfg = Debug|Any CPU
		{268F86D0-64A8-40C5-87BC-5CAE40680F1C}.Debug|Any CPU.Build.0 = Debug|Any CPU
		{268F86D0-64A8-40C5-87BC-5CAE40680F1C}.Release|Any CPU.ActiveCfg = Release|Any CPU
		{268F86D0-64A8-40C5-87BC-5CAE40680F1C}.Release|Any CPU.Build.0 = Release|Any CPU
		{29A778F0-BD7C-4951-81C2-A110006D5E11}.Debug|Any CPU.ActiveCfg = Debug|Any CPU
		{29A778F0-BD7C-4951-81C2-A110006D5E11}.Debug|Any CPU.Build.0 = Debug|Any CPU
		{29A778F0-BD7C-4951-81C2-A110006D5E11}.Release|Any CPU.ActiveCfg = Release|Any CPU
		{29A778F0-BD7C-4951-81C2-A110006D5E11}.Release|Any CPU.Build.0 = Release|Any CPU
	EndGlobalSection
	GlobalSection(SolutionProperties) = preSolution
		HideSolutionNode = FALSE
	EndGlobalSection
	GlobalSection(ExtensibilityGlobals) = postSolution
		SolutionGuid = {B692AD8E-20D3-469A-819F-D2254C683340}
	EndGlobalSection
EndGlobal
